
Microsoft Visual Studio Solution File, Format Version 12.00
# Visual Studio Version 16
VisualStudioVersion = 16.0.30621.155
MinimumVisualStudioVersion = 10.0.40219.1
Project("{FAE04EC0-301F-11D3-BF4B-00C04F79EFBC}") = "курсач", "курсач\курсач.csproj", "{D9D0170F-37BF-4D1C-8239-5C64E5C249EC}"
EndProject
Global
	GlobalSection(SolutionConfigurationPlatforms) = preSolution
		Debug|Any CPU = Debug|Any CPU
		Release|Any CPU = Release|Any CPU
	EndGlobalSection
	GlobalSection(ProjectConfigurationPlatforms) = postSolution
		{D9D0170F-37BF-4D1C-8239-5C64E5C249EC}.Debug|Any CPU.ActiveCfg = Debug|Any CPU
		{D9D0170F-37BF-4D1C-8239-5C64E5C249EC}.Debug|Any CPU.Build.0 = Debug|Any CPU
		{D9D0170F-37BF-4D1C-8239-5C64E5C249EC}.Release|Any CPU.ActiveCfg = Release|Any CPU
		{D9D0170F-37BF-4D1C-8239-5C64E5C249EC}.Release|Any CPU.Build.0 = Release|Any CPU
	EndGlobalSection
	GlobalSection(SolutionProperties) = preSolution
		HideSolutionNode = FALSE
	EndGlobalSection
	GlobalSection(ExtensibilityGlobals) = postSolution
		SolutionGuid = {C161DDD3-E882-4F40-8CBE-A7115C86C19D}
	EndGlobalSection
EndGlobal
